
Microsoft Visual Studio Solution File, Format Version 12.00
# Visual Studio Version 17
VisualStudioVersion = 17.8.34330.188
MinimumVisualStudioVersion = 10.0.40219.1
Project("{9A19103F-16F7-4668-BE54-9A1E7A4F7556}") = "Bank_Simulation", "Bank_Simulation\Bank_Simulation.csproj", "{B2F5F1A6-6552-42F7-80D7-A1249457A61F}"
EndProject
Global
	GlobalSection(SolutionConfigurationPlatforms) = preSolution
		Debug|Any CPU = Debug|Any CPU
		Release|Any CPU = Release|Any CPU
	EndGlobalSection
	GlobalSection(ProjectConfigurationPlatforms) = postSolution
		{B2F5F1A6-6552-42F7-80D7-A1249457A61F}.Debug|Any CPU.ActiveCfg = Debug|Any CPU
		{B2F5F1A6-6552-42F7-80D7-A1249457A61F}.Debug|Any CPU.Build.0 = Debug|Any CPU
		{B2F5F1A6-6552-42F7-80D7-A1249457A61F}.Release|Any CPU.ActiveCfg = Release|Any CPU
		{B2F5F1A6-6552-42F7-80D7-A1249457A61F}.Release|Any CPU.Build.0 = Release|Any CPU
	EndGlobalSection
	GlobalSection(SolutionProperties) = preSolution
		HideSolutionNode = FALSE
	EndGlobalSection
	GlobalSection(ExtensibilityGlobals) = postSolution
		SolutionGuid = {7E1B47C4-9E90-4E52-AAFD-43C59F6B9DD8}
	EndGlobalSection
EndGlobal
